
Microsoft Visual Studio Solution File, Format Version 12.00
# Visual Studio 15
VisualStudioVersion = 15.0.28010.0
MinimumVisualStudioVersion = 10.0.40219.1
Project("{FAE04EC0-301F-11D3-BF4B-00C04F79EFBC}") = "Graphs", "Graphs\Graphs.csproj", "{06788A76-8407-46F4-959E-655C81983520}"
EndProject
Global
	GlobalSection(SolutionConfigurationPlatforms) = preSolution
		Debug|Any CPU = Debug|Any CPU
		Release|Any CPU = Release|Any CPU
	EndGlobalSection
	GlobalSection(ProjectConfigurationPlatforms) = postSolution
		{06788A76-8407-46F4-959E-655C81983520}.Debug|Any CPU.ActiveCfg = Debug|Any CPU
		{06788A76-8407-46F4-959E-655C81983520}.Debug|Any CPU.Build.0 = Debug|Any CPU
		{06788A76-8407-46F4-959E-655C81983520}.Release|Any CPU.ActiveCfg = Release|Any CPU
		{06788A76-8407-46F4-959E-655C81983520}.Release|Any CPU.Build.0 = Release|Any CPU
	EndGlobalSection
	GlobalSection(SolutionProperties) = preSolution
		HideSolutionNode = FALSE
	EndGlobalSection
	GlobalSection(ExtensibilityGlobals) = postSolution
		SolutionGuid = {FE7FF0FD-C245-4CDB-9B0B-8E014073D6BF}
	EndGlobalSection
EndGlobal
